
Microsoft Visual Studio Solution File, Format Version 12.00
# Visual Studio Version 16
VisualStudioVersion = 16.0.29215.179
MinimumVisualStudioVersion = 10.0.40219.1
Project("{FAE04EC0-301F-11D3-BF4B-00C04F79EFBC}") = "EntidadesAbstractas", "Clases Abstractas\EntidadesAbstractas.csproj", "{9A6D245B-78EA-4D0A-B4C6-6CB98D23F31A}"
EndProject
Project("{FAE04EC0-301F-11D3-BF4B-00C04F79EFBC}") = "Excepciones", "Excepciones\Excepciones.csproj", "{AB190B38-1CEE-4686-A1A1-EA75FFB733D7}"
EndProject
Project("{FAE04EC0-301F-11D3-BF4B-00C04F79EFBC}") = "Clases Instanciables", "Clases Instanciables\Clases Instanciables.csproj", "{92E28770-A635-4297-A9D4-082527574AEF}"
EndProject
Project("{FAE04EC0-301F-11D3-BF4B-00C04F79EFBC}") = "Archivos", "Archivos\Archivos.csproj", "{588468E1-8BFF-455B-86F0-DF2CCFBD50F4}"
EndProject
Project("{FAE04EC0-301F-11D3-BF4B-00C04F79EFBC}") = "Consola", "Consola\Consola.csproj", "{B92FD4E3-E4C1-4A0D-9B5A-2085A4772BD0}"
EndProject
Global
	GlobalSection(SolutionConfigurationPlatforms) = preSolution
		Debug|Any CPU = Debug|Any CPU
		Release|Any CPU = Release|Any CPU
	EndGlobalSection
	GlobalSection(ProjectConfigurationPlatforms) = postSolution
		{9A6D245B-78EA-4D0A-B4C6-6CB98D23F31A}.Debug|Any CPU.ActiveCfg = Debug|Any CPU
		{9A6D245B-78EA-4D0A-B4C6-6CB98D23F31A}.Debug|Any CPU.Build.0 = Debug|Any CPU
		{9A6D245B-78EA-4D0A-B4C6-6CB98D23F31A}.Release|Any CPU.ActiveCfg = Release|Any CPU
		{9A6D245B-78EA-4D0A-B4C6-6CB98D23F31A}.Release|Any CPU.Build.0 = Release|Any CPU
		{AB190B38-1CEE-4686-A1A1-EA75FFB733D7}.Debug|Any CPU.ActiveCfg = Debug|Any CPU
		{AB190B38-1CEE-4686-A1A1-EA75FFB733D7}.Debug|Any CPU.Build.0 = Debug|Any CPU
		{AB190B38-1CEE-4686-A1A1-EA75FFB733D7}.Release|Any CPU.ActiveCfg = Release|Any CPU
		{AB190B38-1CEE-4686-A1A1-EA75FFB733D7}.Release|Any CPU.Build.0 = Release|Any CPU
		{92E28770-A635-4297-A9D4-082527574AEF}.Debug|Any CPU.ActiveCfg = Debug|Any CPU
		{92E28770-A635-4297-A9D4-082527574AEF}.Debug|Any CPU.Build.0 = Debug|Any CPU
		{92E28770-A635-4297-A9D4-082527574AEF}.Release|Any CPU.ActiveCfg = Release|Any CPU
		{92E28770-A635-4297-A9D4-082527574AEF}.Release|Any CPU.Build.0 = Release|Any CPU
		{588468E1-8BFF-455B-86F0-DF2CCFBD50F4}.Debug|Any CPU.ActiveCfg = Debug|Any CPU
		{588468E1-8BFF-455B-86F0-DF2CCFBD50F4}.Debug|Any CPU.Build.0 = Debug|Any CPU
		{588468E1-8BFF-455B-86F0-DF2CCFBD50F4}.Release|Any CPU.ActiveCfg = Release|Any CPU
		{588468E1-8BFF-455B-86F0-DF2CCFBD50F4}.Release|Any CPU.Build.0 = Release|Any CPU
		{B92FD4E3-E4C1-4A0D-9B5A-2085A4772BD0}.Debug|Any CPU.ActiveCfg = Debug|Any CPU
		{B92FD4E3-E4C1-4A0D-9B5A-2085A4772BD0}.Debug|Any CPU.Build.0 = Debug|Any CPU
		{B92FD4E3-E4C1-4A0D-9B5A-2085A4772BD0}.Release|Any CPU.ActiveCfg = Release|Any CPU
		{B92FD4E3-E4C1-4A0D-9B5A-2085A4772BD0}.Release|Any CPU.Build.0 = Release|Any CPU
	EndGlobalSection
	GlobalSection(SolutionProperties) = preSolution
		HideSolutionNode = FALSE
	EndGlobalSection
	GlobalSection(ExtensibilityGlobals) = postSolution
		SolutionGuid = {055D4AAE-D064-49D7-A5E6-BC55AD9CD315}
	EndGlobalSection
EndGlobal
